// !$*UTF8*$!
{
	archiveVersion = 1;
	classes = {
	};
	objectVersion = 56;
	objects = {

/* Begin PBXBuildFile section */
		7941BFDBD2C661A498642BC1 /* Pods_publicapi.framework in Frameworks */ = {isa = PBXBuildFile; fileRef = 9BE08BA6744D36D1CB6CA6C9 /* Pods_publicapi.framework */; };
		B93A0CAD2A9B60EA00180068 /* AppDelegate.swift in Sources */ = {isa = PBXBuildFile; fileRef = B93A0CAC2A9B60EA00180068 /* AppDelegate.swift */; };
		B93A0CAF2A9B60EA00180068 /* SceneDelegate.swift in Sources */ = {isa = PBXBuildFile; fileRef = B93A0CAE2A9B60EA00180068 /* SceneDelegate.swift */; };
		B93A0CB12A9B60EA00180068 /* ViewController.swift in Sources */ = {isa = PBXBuildFile; fileRef = B93A0CB02A9B60EA00180068 /* ViewController.swift */; };
		B93A0CB42A9B60EA00180068 /* Main.storyboard in Resources */ = {isa = PBXBuildFile; fileRef = B93A0CB22A9B60EA00180068 /* Main.storyboard */; };
		B93A0CB62A9B60EC00180068 /* Assets.xcassets in Resources */ = {isa = PBXBuildFile; fileRef = B93A0CB52A9B60EC00180068 /* Assets.xcassets */; };
		B93A0CB92A9B60EC00180068 /* LaunchScreen.storyboard in Resources */ = {isa = PBXBuildFile; fileRef = B93A0CB72A9B60EC00180068 /* LaunchScreen.storyboard */; };
		B93A0CC42A9B60EC00180068 /* publicapiTests.swift in Sources */ = {isa = PBXBuildFile; fileRef = B93A0CC32A9B60EC00180068 /* publicapiTests.swift */; };
		B93A0CCE2A9B60EC00180068 /* publicapiUITests.swift in Sources */ = {isa = PBXBuildFile; fileRef = B93A0CCD2A9B60EC00180068 /* publicapiUITests.swift */; };
		B93A0CD02A9B60EC00180068 /* publicapiUITestsLaunchTests.swift in Sources */ = {isa = PBXBuildFile; fileRef = B93A0CCF2A9B60EC00180068 /* publicapiUITestsLaunchTests.swift */; };
		B93A0CDD2A9B612100180068 /* GroupTableViewCell.swift in Sources */ = {isa = PBXBuildFile; fileRef = B93A0CDC2A9B612100180068 /* GroupTableViewCell.swift */; };
		B93A0CDF2A9B623A00180068 /* TableViewController.swift in Sources */ = {isa = PBXBuildFile; fileRef = B93A0CDE2A9B623A00180068 /* TableViewController.swift */; };
		B93A0CE12A9B62A600180068 /* Group.swift in Sources */ = {isa = PBXBuildFile; fileRef = B93A0CE02A9B62A600180068 /* Group.swift */; };
		F09B704FD1F10A3F05F2E65D /* Pods_publicapiTests.framework in Frameworks */ = {isa = PBXBuildFile; fileRef = 426CD24E02FEE3D9A85983FB /* Pods_publicapiTests.framework */; };
		FEDA34F6D3F1190AAAD19FBC /* Pods_publicapi_publicapiUITests.framework in Frameworks */ = {isa = PBXBuildFile; fileRef = EB94B781DD5A7F120D8C3950 /* Pods_publicapi_publicapiUITests.framework */; };
/* End PBXBuildFile section */

/* Begin PBXContainerItemProxy section */
		B93A0CC02A9B60EC00180068 /* PBXContainerItemProxy */ = {
			isa = PBXContainerItemProxy;
			containerPortal = B93A0CA12A9B60EA00180068 /* Project object */;
			proxyType = 1;
			remoteGlobalIDString = B93A0CA82A9B60EA00180068;
			remoteInfo = publicapi;
		};
		B93A0CCA2A9B60EC00180068 /* PBXContainerItemProxy */ = {
			isa = PBXContainerItemProxy;
			containerPortal = B93A0CA12A9B60EA00180068 /* Project object */;
			proxyType = 1;
			remoteGlobalIDString = B93A0CA82A9B60EA00180068;
			remoteInfo = publicapi;
		};
/* End PBXContainerItemProxy section */

/* Begin PBXFileReference section */
		132AF79371F27A95BF9FFDD7 /* Pods-publicapiTests.release.xcconfig */ = {isa = PBXFileReference; includeInIndex = 1; lastKnownFileType = text.xcconfig; name = "Pods-publicapiTests.release.xcconfig"; path = "Target Support Files/Pods-publicapiTests/Pods-publicapiTests.release.xcconfig"; sourceTree = "<group>"; };
		16ECBC2DCBDD272571CB5B7A /* Pods-publicapiTests.debug.xcconfig */ = {isa = PBXFileReference; includeInIndex = 1; lastKnownFileType = text.xcconfig; name = "Pods-publicapiTests.debug.xcconfig"; path = "Target Support Files/Pods-publicapiTests/Pods-publicapiTests.debug.xcconfig"; sourceTree = "<group>"; };
		317CD0127E34861C3D48EF66 /* Pods-publicapi.debug.xcconfig */ = {isa = PBXFileReference; includeInIndex = 1; lastKnownFileType = text.xcconfig; name = "Pods-publicapi.debug.xcconfig"; path = "Target Support Files/Pods-publicapi/Pods-publicapi.debug.xcconfig"; sourceTree = "<group>"; };
		426CD24E02FEE3D9A85983FB /* Pods_publicapiTests.framework */ = {isa = PBXFileReference; explicitFileType = wrapper.framework; includeInIndex = 0; path = Pods_publicapiTests.framework; sourceTree = BUILT_PRODUCTS_DIR; };
		77272A576CE3B273E9E13F78 /* Pods-publicapi-publicapiUITests.debug.xcconfig */ = {isa = PBXFileReference; includeInIndex = 1; lastKnownFileType = text.xcconfig; name = "Pods-publicapi-publicapiUITests.debug.xcconfig"; path = "Target Support Files/Pods-publicapi-publicapiUITests/Pods-publicapi-publicapiUITests.debug.xcconfig"; sourceTree = "<group>"; };
		9BE08BA6744D36D1CB6CA6C9 /* Pods_publicapi.framework */ = {isa = PBXFileReference; explicitFileType = wrapper.framework; includeInIndex = 0; path = Pods_publicapi.framework; sourceTree = BUILT_PRODUCTS_DIR; };
		A909B5FABB5E2F7DF92814FF /* Pods-publicapi-publicapiUITests.release.xcconfig */ = {isa = PBXFileReference; includeInIndex = 1; lastKnownFileType = text.xcconfig; name = "Pods-publicapi-publicapiUITests.release.xcconfig"; path = "Target Support Files/Pods-publicapi-publicapiUITests/Pods-publicapi-publicapiUITests.release.xcconfig"; sourceTree = "<group>"; };
		B93A0CA92A9B60EA00180068 /* publicapi.app */ = {isa = PBXFileReference; explicitFileType = wrapper.application; includeInIndex = 0; path = publicapi.app; sourceTree = BUILT_PRODUCTS_DIR; };
		B93A0CAC2A9B60EA00180068 /* AppDelegate.swift */ = {isa = PBXFileReference; lastKnownFileType = sourcecode.swift; path = AppDelegate.swift; sourceTree = "<group>"; };
		B93A0CAE2A9B60EA00180068 /* SceneDelegate.swift */ = {isa = PBXFileReference; lastKnownFileType = sourcecode.swift; path = SceneDelegate.swift; sourceTree = "<group>"; };
		B93A0CB02A9B60EA00180068 /* ViewController.swift */ = {isa = PBXFileReference; lastKnownFileType = sourcecode.swift; path = ViewController.swift; sourceTree = "<group>"; };
		B93A0CB32A9B60EA00180068 /* Base */ = {isa = PBXFileReference; lastKnownFileType = file.storyboard; name = Base; path = Base.lproj/Main.storyboard; sourceTree = "<group>"; };
		B93A0CB52A9B60EC00180068 /* Assets.xcassets */ = {isa = PBXFileReference; lastKnownFileType = folder.assetcatalog; path = Assets.xcassets; sourceTree = "<group>"; };
		B93A0CB82A9B60EC00180068 /* Base */ = {isa = PBXFileReference; lastKnownFileType = file.storyboard; name = Base; path = Base.lproj/LaunchScreen.storyboard; sourceTree = "<group>"; };
		B93A0CBA2A9B60EC00180068 /* Info.plist */ = {isa = PBXFileReference; lastKnownFileType = text.plist.xml; path = Info.plist; sourceTree = "<group>"; };
		B93A0CBF2A9B60EC00180068 /* publicapiTests.xctest */ = {isa = PBXFileReference; explicitFileType = wrapper.cfbundle; includeInIndex = 0; path = publicapiTests.xctest; sourceTree = BUILT_PRODUCTS_DIR; };
		B93A0CC32A9B60EC00180068 /* publicapiTests.swift */ = {isa = PBXFileReference; lastKnownFileType = sourcecode.swift; path = publicapiTests.swift; sourceTree = "<group>"; };
		B93A0CC92A9B60EC00180068 /* publicapiUITests.xctest */ = {isa = PBXFileReference; explicitFileType = wrapper.cfbundle; includeInIndex = 0; path = publicapiUITests.xctest; sourceTree = BUILT_PRODUCTS_DIR; };
		B93A0CCD2A9B60EC00180068 /* publicapiUITests.swift */ = {isa = PBXFileReference; lastKnownFileType = sourcecode.swift; path = publicapiUITests.swift; sourceTree = "<group>"; };
		B93A0CCF2A9B60EC00180068 /* publicapiUITestsLaunchTests.swift */ = {isa = PBXFileReference; lastKnownFileType = sourcecode.swift; path = publicapiUITestsLaunchTests.swift; sourceTree = "<group>"; };
		B93A0CDC2A9B612100180068 /* GroupTableViewCell.swift */ = {isa = PBXFileReference; lastKnownFileType = sourcecode.swift; path = GroupTableViewCell.swift; sourceTree = "<group>"; };
		B93A0CDE2A9B623A00180068 /* TableViewController.swift */ = {isa = PBXFileReference; lastKnownFileType = sourcecode.swift; path = TableViewController.swift; sourceTree = "<group>"; };
		B93A0CE02A9B62A600180068 /* Group.swift */ = {isa = PBXFileReference; lastKnownFileType = sourcecode.swift; path = Group.swift; sourceTree = "<group>"; };
		E72F6E374E988A1CA6B0ADFC /* Pods-publicapi.release.xcconfig */ = {isa = PBXFileReference; includeInIndex = 1; lastKnownFileType = text.xcconfig; name = "Pods-publicapi.release.xcconfig"; path = "Target Support Files/Pods-publicapi/Pods-publicapi.release.xcconfig"; sourceTree = "<group>"; };
		EB94B781DD5A7F120D8C3950 /* Pods_publicapi_publicapiUITests.framework */ = {isa = PBXFileReference; explicitFileType = wrapper.framework; includeInIndex = 0; path = Pods_publicapi_publicapiUITests.framework; sourceTree = BUILT_PRODUCTS_DIR; };
/* End PBXFileReference section */

/* Begin PBXFrameworksBuildPhase section */
		B93A0CA62A9B60EA00180068 /* Frameworks */ = {
			isa = PBXFrameworksBuildPhase;
			buildActionMask = 2147483647;
			files = (
				7941BFDBD2C661A498642BC1 /* Pods_publicapi.framework in Frameworks */,
			);
			runOnlyForDeploymentPostprocessing = 0;
		};
		B93A0CBC2A9B60EC00180068 /* Frameworks */ = {
			isa = PBXFrameworksBuildPhase;
			buildActionMask = 2147483647;
			files = (
				F09B704FD1F10A3F05F2E65D /* Pods_publicapiTests.framework in Frameworks */,
			);
			runOnlyForDeploymentPostprocessing = 0;
		};
		B93A0CC62A9B60EC00180068 /* Frameworks */ = {
			isa = PBXFrameworksBuildPhase;
			buildActionMask = 2147483647;
			files = (
				FEDA34F6D3F1190AAAD19FBC /* Pods_publicapi_publicapiUITests.framework in Frameworks */,
			);
			runOnlyForDeploymentPostprocessing = 0;
		};
/* End PBXFrameworksBuildPhase section */

/* Begin PBXGroup section */
		530F1B36BDB755F18922E749 /* Frameworks */ = {
			isa = PBXGroup;
			children = (
				9BE08BA6744D36D1CB6CA6C9 /* Pods_publicapi.framework */,
				EB94B781DD5A7F120D8C3950 /* Pods_publicapi_publicapiUITests.framework */,
				426CD24E02FEE3D9A85983FB /* Pods_publicapiTests.framework */,
			);
			name = Frameworks;
			sourceTree = "<group>";
		};
		9FD4468FCA425AEC1A01EF07 /* Pods */ = {
			isa = PBXGroup;
			children = (
				317CD0127E34861C3D48EF66 /* Pods-publicapi.debug.xcconfig */,
				E72F6E374E988A1CA6B0ADFC /* Pods-publicapi.release.xcconfig */,
				77272A576CE3B273E9E13F78 /* Pods-publicapi-publicapiUITests.debug.xcconfig */,
				A909B5FABB5E2F7DF92814FF /* Pods-publicapi-publicapiUITests.release.xcconfig */,
				16ECBC2DCBDD272571CB5B7A /* Pods-publicapiTests.debug.xcconfig */,
				132AF79371F27A95BF9FFDD7 /* Pods-publicapiTests.release.xcconfig */,
			);
			name = Pods;
			path = Pods;
			sourceTree = "<group>";
		};
		B93A0CA02A9B60EA00180068 = {
			isa = PBXGroup;
			children = (
				B93A0CAB2A9B60EA00180068 /* publicapi */,
				B93A0CC22A9B60EC00180068 /* publicapiTests */,
				B93A0CCC2A9B60EC00180068 /* publicapiUITests */,
				B93A0CAA2A9B60EA00180068 /* Products */,
				9FD4468FCA425AEC1A01EF07 /* Pods */,
				530F1B36BDB755F18922E749 /* Frameworks */,
			);
			sourceTree = "<group>";
		};
		B93A0CAA2A9B60EA00180068 /* Products */ = {
			isa = PBXGroup;
			children = (
				B93A0CA92A9B60EA00180068 /* publicapi.app */,
				B93A0CBF2A9B60EC00180068 /* publicapiTests.xctest */,
				B93A0CC92A9B60EC00180068 /* publicapiUITests.xctest */,
			);
			name = Products;
			sourceTree = "<group>";
		};
		B93A0CAB2A9B60EA00180068 /* publicapi */ = {
			isa = PBXGroup;
			children = (
				B93A0CAC2A9B60EA00180068 /* AppDelegate.swift */,
				B93A0CAE2A9B60EA00180068 /* SceneDelegate.swift */,
				B93A0CB02A9B60EA00180068 /* ViewController.swift */,
				B93A0CB22A9B60EA00180068 /* Main.storyboard */,
				B93A0CE02A9B62A600180068 /* Group.swift */,
				B93A0CDC2A9B612100180068 /* GroupTableViewCell.swift */,
				B93A0CDE2A9B623A00180068 /* TableViewController.swift */,
				B93A0CB52A9B60EC00180068 /* Assets.xcassets */,
				B93A0CB72A9B60EC00180068 /* LaunchScreen.storyboard */,
				B93A0CBA2A9B60EC00180068 /* Info.plist */,
			);
			path = publicapi;
			sourceTree = "<group>";
		};
		B93A0CC22A9B60EC00180068 /* publicapiTests */ = {
			isa = PBXGroup;
			children = (
				B93A0CC32A9B60EC00180068 /* publicapiTests.swift */,
			);
			path = publicapiTests;
			sourceTree = "<group>";
		};
		B93A0CCC2A9B60EC00180068 /* publicapiUITests */ = {
			isa = PBXGroup;
			children = (
				B93A0CCD2A9B60EC00180068 /* publicapiUITests.swift */,
				B93A0CCF2A9B60EC00180068 /* publicapiUITestsLaunchTests.swift */,
			);
			path = publicapiUITests;
			sourceTree = "<group>";
		};
/* End PBXGroup section */

/* Begin PBXNativeTarget section */
		B93A0CA82A9B60EA00180068 /* publicapi */ = {
			isa = PBXNativeTarget;
			buildConfigurationList = B93A0CD32A9B60EC00180068 /* Build configuration list for PBXNativeTarget "publicapi" */;
			buildPhases = (
				274155BF93AFD5FCA21020B8 /* [CP] Check Pods Manifest.lock */,
				B93A0CA52A9B60EA00180068 /* Sources */,
				B93A0CA62A9B60EA00180068 /* Frameworks */,
				B93A0CA72A9B60EA00180068 /* Resources */,
				EFED6E4EAE30EDD1030BA55C /* [CP] Embed Pods Frameworks */,
			);
			buildRules = (
			);
			dependencies = (
			);
			name = publicapi;
			productName = publicapi;
			productReference = B93A0CA92A9B60EA00180068 /* publicapi.app */;
			productType = "com.apple.product-type.application";
		};
		B93A0CBE2A9B60EC00180068 /* publicapiTests */ = {
			isa = PBXNativeTarget;
			buildConfigurationList = B93A0CD62A9B60EC00180068 /* Build configuration list for PBXNativeTarget "publicapiTests" */;
			buildPhases = (
				9B25B7982CB8A8D3DFDCEA4C /* [CP] Check Pods Manifest.lock */,
				B93A0CBB2A9B60EC00180068 /* Sources */,
				B93A0CBC2A9B60EC00180068 /* Frameworks */,
				B93A0CBD2A9B60EC00180068 /* Resources */,
			);
			buildRules = (
			);
			dependencies = (
				B93A0CC12A9B60EC00180068 /* PBXTargetDependency */,
			);
			name = publicapiTests;
			productName = publicapiTests;
			productReference = B93A0CBF2A9B60EC00180068 /* publicapiTests.xctest */;
			productType = "com.apple.product-type.bundle.unit-test";
		};
		B93A0CC82A9B60EC00180068 /* publicapiUITests */ = {
			isa = PBXNativeTarget;
			buildConfigurationList = B93A0CD92A9B60EC00180068 /* Build configuration list for PBXNativeTarget "publicapiUITests" */;
			buildPhases = (
				B169076F4CA9648E5F783A28 /* [CP] Check Pods Manifest.lock */,
				B93A0CC52A9B60EC00180068 /* Sources */,
				B93A0CC62A9B60EC00180068 /* Frameworks */,
				B93A0CC72A9B60EC00180068 /* Resources */,
				FBF08425FB7DCE81BBB42860 /* [CP] Embed Pods Frameworks */,
			);
			buildRules = (
			);
			dependencies = (
				B93A0CCB2A9B60EC00180068 /* PBXTargetDependency */,
			);
			name = publicapiUITests;
			productName = publicapiUITests;
			productReference = B93A0CC92A9B60EC00180068 /* publicapiUITests.xctest */;
			productType = "com.apple.product-type.bundle.ui-testing";
		};
/* End PBXNativeTarget section */

/* Begin PBXProject section */
		B93A0CA12A9B60EA00180068 /* Project object */ = {
			isa = PBXProject;
			attributes = {
				BuildIndependentTargetsInParallel = 1;
				LastSwiftUpdateCheck = 1420;
				LastUpgradeCheck = 1420;
				TargetAttributes = {
					B93A0CA82A9B60EA00180068 = {
						CreatedOnToolsVersion = 14.2;
					};
					B93A0CBE2A9B60EC00180068 = {
						CreatedOnToolsVersion = 14.2;
						TestTargetID = B93A0CA82A9B60EA00180068;
					};
					B93A0CC82A9B60EC00180068 = {
						CreatedOnToolsVersion = 14.2;
						TestTargetID = B93A0CA82A9B60EA00180068;
					};
				};
			};
			buildConfigurationList = B93A0CA42A9B60EA00180068 /* Build configuration list for PBXProject "publicapi" */;
			compatibilityVersion = "Xcode 14.0";
			developmentRegion = en;
			hasScannedForEncodings = 0;
			knownRegions = (
				en,
				Base,
			);
			mainGroup = B93A0CA02A9B60EA00180068;
			productRefGroup = B93A0CAA2A9B60EA00180068 /* Products */;
			projectDirPath = "";
			projectRoot = "";
			targets = (
				B93A0CA82A9B60EA00180068 /* publicapi */,
				B93A0CBE2A9B60EC00180068 /* publicapiTests */,
				B93A0CC82A9B60EC00180068 /* publicapiUITests */,
			);
		};
/* End PBXProject section */

/* Begin PBXResourcesBuildPhase section */
		B93A0CA72A9B60EA00180068 /* Resources */ = {
			isa = PBXResourcesBuildPhase;
			buildActionMask = 2147483647;
			files = (
				B93A0CB92A9B60EC00180068 /* LaunchScreen.storyboard in Resources */,
				B93A0CB62A9B60EC00180068 /* Assets.xcassets in Resources */,
				B93A0CB42A9B60EA00180068 /* Main.storyboard in Resources */,
			);
			runOnlyForDeploymentPostprocessing = 0;
		};
		B93A0CBD2A9B60EC00180068 /* Resources */ = {
			isa = PBXResourcesBuildPhase;
			buildActionMask = 2147483647;
			files = (
			);
			runOnlyForDeploymentPostprocessing = 0;
		};
		B93A0CC72A9B60EC00180068 /* Resources */ = {
			isa = PBXResourcesBuildPhase;
			buildActionMask = 2147483647;
			files = (
			);
			runOnlyForDeploymentPostprocessing = 0;
		};
/* End PBXResourcesBuildPhase section */

/* Begin PBXShellScriptBuildPhase section */
		274155BF93AFD5FCA21020B8 /* [CP] Check Pods Manifest.lock */ = {
			isa = PBXShellScriptBuildPhase;
			buildActionMask = 2147483647;
			files = (
			);
			inputFileListPaths = (
			);
			inputPaths = (
				"${PODS_PODFILE_DIR_PATH}/Podfile.lock",
				"${PODS_ROOT}/Manifest.lock",
			);
			name = "[CP] Check Pods Manifest.lock";
			outputFileListPaths = (
			);
			outputPaths = (
				"$(DERIVED_FILE_DIR)/Pods-publicapi-checkManifestLockResult.txt",
			);
			runOnlyForDeploymentPostprocessing = 0;
			shellPath = /bin/sh;
			shellScript = "diff \"${PODS_PODFILE_DIR_PATH}/Podfile.lock\" \"${PODS_ROOT}/Manifest.lock\" > /dev/null\nif [ $? != 0 ] ; then\n    # print error to STDERR\n    echo \"error: The sandbox is not in sync with the Podfile.lock. Run 'pod install' or update your CocoaPods installation.\" >&2\n    exit 1\nfi\n# This output is used by Xcode 'outputs' to avoid re-running this script phase.\necho \"SUCCESS\" > \"${SCRIPT_OUTPUT_FILE_0}\"\n";
			showEnvVarsInLog = 0;
		};
		9B25B7982CB8A8D3DFDCEA4C /* [CP] Check Pods Manifest.lock */ = {
			isa = PBXShellScriptBuildPhase;
			buildActionMask = 2147483647;
			files = (
			);
			inputFileListPaths = (
			);
			inputPaths = (
				"${PODS_PODFILE_DIR_PATH}/Podfile.lock",
				"${PODS_ROOT}/Manifest.lock",
			);
			name = "[CP] Check Pods Manifest.lock";
			outputFileListPaths = (
			);
			outputPaths = (
				"$(DERIVED_FILE_DIR)/Pods-publicapiTests-checkManifestLockResult.txt",
			);
			runOnlyForDeploymentPostprocessing = 0;
			shellPath = /bin/sh;
			shellScript = "diff \"${PODS_PODFILE_DIR_PATH}/Podfile.lock\" \"${PODS_ROOT}/Manifest.lock\" > /dev/null\nif [ $? != 0 ] ; then\n    # print error to STDERR\n    echo \"error: The sandbox is not in sync with the Podfile.lock. Run 'pod install' or update your CocoaPods installation.\" >&2\n    exit 1\nfi\n# This output is used by Xcode 'outputs' to avoid re-running this script phase.\necho \"SUCCESS\" > \"${SCRIPT_OUTPUT_FILE_0}\"\n";
			showEnvVarsInLog = 0;
		};
		B169076F4CA9648E5F783A28 /* [CP] Check Pods Manifest.lock */ = {
			isa = PBXShellScriptBuildPhase;
			buildActionMask = 2147483647;
			files = (
			);
			inputFileListPaths = (
			);
			inputPaths = (
				"${PODS_PODFILE_DIR_PATH}/Podfile.lock",
				"${PODS_ROOT}/Manifest.lock",
			);
			name = "[CP] Check Pods Manifest.lock";
			outputFileListPaths = (
			);
			outputPaths = (
				"$(DERIVED_FILE_DIR)/Pods-publicapi-publicapiUITests-checkManifestLockResult.txt",
			);
			runOnlyForDeploymentPostprocessing = 0;
			shellPath = /bin/sh;
			shellScript = "diff \"${PODS_PODFILE_DIR_PATH}/Podfile.lock\" \"${PODS_ROOT}/Manifest.lock\" > /dev/null\nif [ $? != 0 ] ; then\n    # print error to STDERR\n    echo \"error: The sandbox is not in sync with the Podfile.lock. Run 'pod install' or update your CocoaPods installation.\" >&2\n    exit 1\nfi\n# This output is used by Xcode 'outputs' to avoid re-running this script phase.\necho \"SUCCESS\" > \"${SCRIPT_OUTPUT_FILE_0}\"\n";
			showEnvVarsInLog = 0;
		};
		EFED6E4EAE30EDD1030BA55C /* [CP] Embed Pods Frameworks */ = {
			isa = PBXShellScriptBuildPhase;
			buildActionMask = 2147483647;
			files = (
			);
			inputFileListPaths = (
				"${PODS_ROOT}/Target Support Files/Pods-publicapi/Pods-publicapi-frameworks-${CONFIGURATION}-input-files.xcfilelist",
			);
			name = "[CP] Embed Pods Frameworks";
			outputFileListPaths = (
				"${PODS_ROOT}/Target Support Files/Pods-publicapi/Pods-publicapi-frameworks-${CONFIGURATION}-output-files.xcfilelist",
			);
			runOnlyForDeploymentPostprocessing = 0;
			shellPath = /bin/sh;
			shellScript = "\"${PODS_ROOT}/Target Support Files/Pods-publicapi/Pods-publicapi-frameworks.sh\"\n";
			showEnvVarsInLog = 0;
		};
		FBF08425FB7DCE81BBB42860 /* [CP] Embed Pods Frameworks */ = {
			isa = PBXShellScriptBuildPhase;
			buildActionMask = 2147483647;
			files = (
			);
			inputFileListPaths = (
				"${PODS_ROOT}/Target Support Files/Pods-publicapi-publicapiUITests/Pods-publicapi-publicapiUITests-frameworks-${CONFIGURATION}-input-files.xcfilelist",
			);
			name = "[CP] Embed Pods Frameworks";
			outputFileListPaths = (
				"${PODS_ROOT}/Target Support Files/Pods-publicapi-publicapiUITests/Pods-publicapi-publicapiUITests-frameworks-${CONFIGURATION}-output-files.xcfilelist",
			);
			runOnlyForDeploymentPostprocessing = 0;
			shellPath = /bin/sh;
			shellScript = "\"${PODS_ROOT}/Target Support Files/Pods-publicapi-publicapiUITests/Pods-publicapi-publicapiUITests-frameworks.sh\"\n";
			showEnvVarsInLog = 0;
		};
/* End PBXShellScriptBuildPhase section */

/* Begin PBXSourcesBuildPhase section */
		B93A0CA52A9B60EA00180068 /* Sources */ = {
			isa = PBXSourcesBuildPhase;
			buildActionMask = 2147483647;
			files = (
				B93A0CB12A9B60EA00180068 /* ViewController.swift in Sources */,
				B93A0CAD2A9B60EA00180068 /* AppDelegate.swift in Sources */,
				B93A0CAF2A9B60EA00180068 /* SceneDelegate.swift in Sources */,
				B93A0CE12A9B62A600180068 /* Group.swift in Sources */,
				B93A0CDF2A9B623A00180068 /* TableViewController.swift in Sources */,
				B93A0CDD2A9B612100180068 /* GroupTableViewCell.swift in Sources */,
			);
			runOnlyForDeploymentPostprocessing = 0;
		};
		B93A0CBB2A9B60EC00180068 /* Sources */ = {
			isa = PBXSourcesBuildPhase;
			buildActionMask = 2147483647;
			files = (
				B93A0CC42A9B60EC00180068 /* publicapiTests.swift in Sources */,
			);
			runOnlyForDeploymentPostprocessing = 0;
		};
		B93A0CC52A9B60EC00180068 /* Sources */ = {
			isa = PBXSourcesBuildPhase;
			buildActionMask = 2147483647;
			files = (
				B93A0CD02A9B60EC00180068 /* publicapiUITestsLaunchTests.swift in Sources */,
				B93A0CCE2A9B60EC00180068 /* publicapiUITests.swift in Sources */,
			);
			runOnlyForDeploymentPostprocessing = 0;
		};
/* End PBXSourcesBuildPhase section */

/* Begin PBXTargetDependency section */
		B93A0CC12A9B60EC00180068 /* PBXTargetDependency */ = {
			isa = PBXTargetDependency;
			target = B93A0CA82A9B60EA00180068 /* publicapi */;
			targetProxy = B93A0CC02A9B60EC00180068 /* PBXContainerItemProxy */;
		};
		B93A0CCB2A9B60EC00180068 /* PBXTargetDependency */ = {
			isa = PBXTargetDependency;
			target = B93A0CA82A9B60EA00180068 /* publicapi */;
			targetProxy = B93A0CCA2A9B60EC00180068 /* PBXContainerItemProxy */;
		};
/* End PBXTargetDependency section */

/* Begin PBXVariantGroup section */
		B93A0CB22A9B60EA00180068 /* Main.storyboard */ = {
			isa = PBXVariantGroup;
			children = (
				B93A0CB32A9B60EA00180068 /* Base */,
			);
			name = Main.storyboard;
			sourceTree = "<group>";
		};
		B93A0CB72A9B60EC00180068 /* LaunchScreen.storyboard */ = {
			isa = PBXVariantGroup;
			children = (
				B93A0CB82A9B60EC00180068 /* Base */,
			);
			name = LaunchScreen.storyboard;
			sourceTree = "<group>";
		};
/* End PBXVariantGroup section */

/* Begin XCBuildConfiguration section */
		B93A0CD12A9B60EC00180068 /* Debug */ = {
			isa = XCBuildConfiguration;
			buildSettings = {
				ALWAYS_SEARCH_USER_PATHS = NO;
				CLANG_ANALYZER_NONNULL = YES;
				CLANG_ANALYZER_NUMBER_OBJECT_CONVERSION = YES_AGGRESSIVE;
				CLANG_CXX_LANGUAGE_STANDARD = "gnu++20";
				CLANG_ENABLE_MODULES = YES;
				CLANG_ENABLE_OBJC_ARC = YES;
				CLANG_ENABLE_OBJC_WEAK = YES;
				CLANG_WARN_BLOCK_CAPTURE_AUTORELEASING = YES;
				CLANG_WARN_BOOL_CONVERSION = YES;
				CLANG_WARN_COMMA = YES;
				CLANG_WARN_CONSTANT_CONVERSION = YES;
				CLANG_WARN_DEPRECATED_OBJC_IMPLEMENTATIONS = YES;
				CLANG_WARN_DIRECT_OBJC_ISA_USAGE = YES_ERROR;
				CLANG_WARN_DOCUMENTATION_COMMENTS = YES;
				CLANG_WARN_EMPTY_BODY = YES;
				CLANG_WARN_ENUM_CONVERSION = YES;
				CLANG_WARN_INFINITE_RECURSION = YES;
				CLANG_WARN_INT_CONVERSION = YES;
				CLANG_WARN_NON_LITERAL_NULL_CONVERSION = YES;
				CLANG_WARN_OBJC_IMPLICIT_RETAIN_SELF = YES;
				CLANG_WARN_OBJC_LITERAL_CONVERSION = YES;
				CLANG_WARN_OBJC_ROOT_CLASS = YES_ERROR;
				CLANG_WARN_QUOTED_INCLUDE_IN_FRAMEWORK_HEADER = YES;
				CLANG_WARN_RANGE_LOOP_ANALYSIS = YES;
				CLANG_WARN_STRICT_PROTOTYPES = YES;
				CLANG_WARN_SUSPICIOUS_MOVE = YES;
				CLANG_WARN_UNGUARDED_AVAILABILITY = YES_AGGRESSIVE;
				CLANG_WARN_UNREACHABLE_CODE = YES;
				CLANG_WARN__DUPLICATE_METHOD_MATCH = YES;
				COPY_PHASE_STRIP = NO;
				DEBUG_INFORMATION_FORMAT = dwarf;
				ENABLE_STRICT_OBJC_MSGSEND = YES;
				ENABLE_TESTABILITY = YES;
				GCC_C_LANGUAGE_STANDARD = gnu11;
				GCC_DYNAMIC_NO_PIC = NO;
				GCC_NO_COMMON_BLOCKS = YES;
				GCC_OPTIMIZATION_LEVEL = 0;
				GCC_PREPROCESSOR_DEFINITIONS = (
					"DEBUG=1",
					"$(inherited)",
				);
				GCC_WARN_64_TO_32_BIT_CONVERSION = YES;
				GCC_WARN_ABOUT_RETURN_TYPE = YES_ERROR;
				GCC_WARN_UNDECLARED_SELECTOR = YES;
				GCC_WARN_UNINITIALIZED_AUTOS = YES_AGGRESSIVE;
				GCC_WARN_UNUSED_FUNCTION = YES;
				GCC_WARN_UNUSED_VARIABLE = YES;
				IPHONEOS_DEPLOYMENT_TARGET = 16.2;
				MTL_ENABLE_DEBUG_INFO = INCLUDE_SOURCE;
				MTL_FAST_MATH = YES;
				ONLY_ACTIVE_ARCH = YES;
				SDKROOT = iphoneos;
				SWIFT_ACTIVE_COMPILATION_CONDITIONS = DEBUG;
				SWIFT_OPTIMIZATION_LEVEL = "-Onone";
			};
			name = Debug;
		};
		B93A0CD22A9B60EC00180068 /* Release */ = {
			isa = XCBuildConfiguration;
			buildSettings = {
				ALWAYS_SEARCH_USER_PATHS = NO;
				CLANG_ANALYZER_NONNULL = YES;
				CLANG_ANALYZER_NUMBER_OBJECT_CONVERSION = YES_AGGRESSIVE;
				CLANG_CXX_LANGUAGE_STANDARD = "gnu++20";
				CLANG_ENABLE_MODULES = YES;
				CLANG_ENABLE_OBJC_ARC = YES;
				CLANG_ENABLE_OBJC_WEAK = YES;
				CLANG_WARN_BLOCK_CAPTURE_AUTORELEASING = YES;
				CLANG_WARN_BOOL_CONVERSION = YES;
				CLANG_WARN_COMMA = YES;
				CLANG_WARN_CONSTANT_CONVERSION = YES;
				CLANG_WARN_DEPRECATED_OBJC_IMPLEMENTATIONS = YES;
				CLANG_WARN_DIRECT_OBJC_ISA_USAGE = YES_ERROR;
				CLANG_WARN_DOCUMENTATION_COMMENTS = YES;
				CLANG_WARN_EMPTY_BODY = YES;
				CLANG_WARN_ENUM_CONVERSION = YES;
				CLANG_WARN_INFINITE_RECURSION = YES;
				CLANG_WARN_INT_CONVERSION = YES;
				CLANG_WARN_NON_LITERAL_NULL_CONVERSION = YES;
				CLANG_WARN_OBJC_IMPLICIT_RETAIN_SELF = YES;
				CLANG_WARN_OBJC_LITERAL_CONVERSION = YES;
				CLANG_WARN_OBJC_ROOT_CLASS = YES_ERROR;
				CLANG_WARN_QUOTED_INCLUDE_IN_FRAMEWORK_HEADER = YES;
				CLANG_WARN_RANGE_LOOP_ANALYSIS = YES;
				CLANG_WARN_STRICT_PROTOTYPES = YES;
				CLANG_WARN_SUSPICIOUS_MOVE = YES;
				CLANG_WARN_UNGUARDED_AVAILABILITY = YES_AGGRESSIVE;
				CLANG_WARN_UNREACHABLE_CODE = YES;
				CLANG_WARN__DUPLICATE_METHOD_MATCH = YES;
				COPY_PHASE_STRIP = NO;
				DEBUG_INFORMATION_FORMAT = "dwarf-with-dsym";
				ENABLE_NS_ASSERTIONS = NO;
				ENABLE_STRICT_OBJC_MSGSEND = YES;
				GCC_C_LANGUAGE_STANDARD = gnu11;
				GCC_NO_COMMON_BLOCKS = YES;
				GCC_WARN_64_TO_32_BIT_CONVERSION = YES;
				GCC_WARN_ABOUT_RETURN_TYPE = YES_ERROR;
				GCC_WARN_UNDECLARED_SELECTOR = YES;
				GCC_WARN_UNINITIALIZED_AUTOS = YES_AGGRESSIVE;
				GCC_WARN_UNUSED_FUNCTION = YES;
				GCC_WARN_UNUSED_VARIABLE = YES;
				IPHONEOS_DEPLOYMENT_TARGET = 16.2;
				MTL_ENABLE_DEBUG_INFO = NO;
				MTL_FAST_MATH = YES;
				SDKROOT = iphoneos;
				SWIFT_COMPILATION_MODE = wholemodule;
				SWIFT_OPTIMIZATION_LEVEL = "-O";
				VALIDATE_PRODUCT = YES;
			};
			name = Release;
		};
		B93A0CD42A9B60EC00180068 /* Debug */ = {
			isa = XCBuildConfiguration;
			baseConfigurationReference = 317CD0127E34861C3D48EF66 /* Pods-publicapi.debug.xcconfig */;
			buildSettings = {
				ASSETCATALOG_COMPILER_APPICON_NAME = AppIcon;
				ASSETCATALOG_COMPILER_GLOBAL_ACCENT_COLOR_NAME = AccentColor;
				CODE_SIGN_STYLE = Automatic;
				CURRENT_PROJECT_VERSION = 1;
				DEVELOPMENT_TEAM = 2G9P37MK73;
				GENERATE_INFOPLIST_FILE = YES;
				INFOPLIST_FILE = publicapi/Info.plist;
				INFOPLIST_KEY_UIApplicationSupportsIndirectInputEvents = YES;
				INFOPLIST_KEY_UILaunchStoryboardName = LaunchScreen;
				INFOPLIST_KEY_UIMainStoryboardFile = Main;
				INFOPLIST_KEY_UISupportedInterfaceOrientations_iPad = "UIInterfaceOrientationPortrait UIInterfaceOrientationPortraitUpsideDown UIInterfaceOrientationLandscapeLeft UIInterfaceOrientationLandscapeRight";
				INFOPLIST_KEY_UISupportedInterfaceOrientations_iPhone = "UIInterfaceOrientationPortrait UIInterfaceOrientationLandscapeLeft UIInterfaceOrientationLandscapeRight";
				LD_RUNPATH_SEARCH_PATHS = (
					"$(inherited)",
					"@executable_path/Frameworks",
				);
				MARKETING_VERSION = 1.0;
				PRODUCT_BUNDLE_IDENTIFIER = com.product.publicapi;
				PRODUCT_NAME = "$(TARGET_NAME)";
				SWIFT_EMIT_LOC_STRINGS = YES;
				SWIFT_VERSION = 5.0;
				TARGETED_DEVICE_FAMILY = "1,2";
			};
			name = Debug;
		};
		B93A0CD52A9B60EC00180068 /* Release */ = {
			isa = XCBuildConfiguration;
			baseConfigurationReference = E72F6E374E988A1CA6B0ADFC /* Pods-publicapi.release.xcconfig */;
			buildSettings = {
				ASSETCATALOG_COMPILER_APPICON_NAME = AppIcon;
				ASSETCATALOG_COMPILER_GLOBAL_ACCENT_COLOR_NAME = AccentColor;
				CODE_SIGN_STYLE = Automatic;
				CURRENT_PROJECT_VERSION = 1;
				DEVELOPMENT_TEAM = 2G9P37MK73;
				GENERATE_INFOPLIST_FILE = YES;
				INFOPLIST_FILE = publicapi/Info.plist;
				INFOPLIST_KEY_UIApplicationSupportsIndirectInputEvents = YES;
				INFOPLIST_KEY_UILaunchStoryboardName = LaunchScreen;
				INFOPLIST_KEY_UIMainStoryboardFile = Main;
				INFOPLIST_KEY_UISupportedInterfaceOrientations_iPad = "UIInterfaceOrientationPortrait UIInterfaceOrientationPortraitUpsideDown UIInterfaceOrientationLandscapeLeft UIInterfaceOrientationLandscapeRight";
				INFOPLIST_KEY_UISupportedInterfaceOrientations_iPhone = "UIInterfaceOrientationPortrait UIInterfaceOrientationLandscapeLeft UIInterfaceOrientationLandscapeRight";
				LD_RUNPATH_SEARCH_PATHS = (
					"$(inherited)",
					"@executable_path/Frameworks",
				);
				MARKETING_VERSION = 1.0;
				PRODUCT_BUNDLE_IDENTIFIER = com.product.publicapi;
				PRODUCT_NAME = "$(TARGET_NAME)";
				SWIFT_EMIT_LOC_STRINGS = YES;
				SWIFT_VERSION = 5.0;
				TARGETED_DEVICE_FAMILY = "1,2";
			};
			name = Release;
		};
		B93A0CD72A9B60EC00180068 /* Debug */ = {
			isa = XCBuildConfiguration;
			baseConfigurationReference = 16ECBC2DCBDD272571CB5B7A /* Pods-publicapiTests.debug.xcconfig */;
			buildSettings = {
				ALWAYS_EMBED_SWIFT_STANDARD_LIBRARIES = YES;
				BUNDLE_LOADER = "$(TEST_HOST)";
				CODE_SIGN_STYLE = Automatic;
				CURRENT_PROJECT_VERSION = 1;
				DEVELOPMENT_TEAM = 2G9P37MK73;
				GENERATE_INFOPLIST_FILE = YES;
				IPHONEOS_DEPLOYMENT_TARGET = 16.2;
				MARKETING_VERSION = 1.0;
				PRODUCT_BUNDLE_IDENTIFIER = com.product.publicapiTests;
				PRODUCT_NAME = "$(TARGET_NAME)";
				SWIFT_EMIT_LOC_STRINGS = NO;
				SWIFT_VERSION = 5.0;
				TARGETED_DEVICE_FAMILY = "1,2";
				TEST_HOST = "$(BUILT_PRODUCTS_DIR)/publicapi.app/$(BUNDLE_EXECUTABLE_FOLDER_PATH)/publicapi";
			};
			name = Debug;
		};
		B93A0CD82A9B60EC00180068 /* Release */ = {
			isa = XCBuildConfiguration;
			baseConfigurationReference = 132AF79371F27A95BF9FFDD7 /* Pods-publicapiTests.release.xcconfig */;
			buildSettings = {
				ALWAYS_EMBED_SWIFT_STANDARD_LIBRARIES = YES;
				BUNDLE_LOADER = "$(TEST_HOST)";
				CODE_SIGN_STYLE = Automatic;
				CURRENT_PROJECT_VERSION = 1;
				DEVELOPMENT_TEAM = 2G9P37MK73;
				GENERATE_INFOPLIST_FILE = YES;
				IPHONEOS_DEPLOYMENT_TARGET = 16.2;
				MARKETING_VERSION = 1.0;
				PRODUCT_BUNDLE_IDENTIFIER = com.product.publicapiTests;
				PRODUCT_NAME = "$(TARGET_NAME)";
				SWIFT_EMIT_LOC_STRINGS = NO;
				SWIFT_VERSION = 5.0;
				TARGETED_DEVICE_FAMILY = "1,2";
				TEST_HOST = "$(BUILT_PRODUCTS_DIR)/publicapi.app/$(BUNDLE_EXECUTABLE_FOLDER_PATH)/publicapi";
			};
			name = Release;
		};
		B93A0CDA2A9B60EC00180068 /* Debug */ = {
			isa = XCBuildConfiguration;
			baseConfigurationReference = 77272A576CE3B273E9E13F78 /* Pods-publicapi-publicapiUITests.debug.xcconfig */;
			buildSettings = {
				ALWAYS_EMBED_SWIFT_STANDARD_LIBRARIES = YES;
				CODE_SIGN_STYLE = Automatic;
				CURRENT_PROJECT_VERSION = 1;
				DEVELOPMENT_TEAM = 2G9P37MK73;
				GENERATE_INFOPLIST_FILE = YES;
				MARKETING_VERSION = 1.0;
				PRODUCT_BUNDLE_IDENTIFIER = com.product.publicapiUITests;
				PRODUCT_NAME = "$(TARGET_NAME)";
				SWIFT_EMIT_LOC_STRINGS = NO;
				SWIFT_VERSION = 5.0;
				TARGETED_DEVICE_FAMILY = "1,2";
				TEST_TARGET_NAME = publicapi;
			};
			name = Debug;
		};
		B93A0CDB2A9B60EC00180068 /* Release */ = {
			isa = XCBuildConfiguration;
			baseConfigurationReference = A909B5FABB5E2F7DF92814FF /* Pods-publicapi-publicapiUITests.release.xcconfig */;
			buildSettings = {
				ALWAYS_EMBED_SWIFT_STANDARD_LIBRARIES = YES;
				CODE_SIGN_STYLE = Automatic;
				CURRENT_PROJECT_VERSION = 1;
				DEVELOPMENT_TEAM = 2G9P37MK73;
				GENERATE_INFOPLIST_FILE = YES;
				MARKETING_VERSION = 1.0;
				PRODUCT_BUNDLE_IDENTIFIER = com.product.publicapiUITests;
				PRODUCT_NAME = "$(TARGET_NAME)";
				SWIFT_EMIT_LOC_STRINGS = NO;
				SWIFT_VERSION = 5.0;
				TARGETED_DEVICE_FAMILY = "1,2";
				TEST_TARGET_NAME = publicapi;
			};
			name = Release;
		};
/* End XCBuildConfiguration section */

/* Begin XCConfigurationList section */
		B93A0CA42A9B60EA00180068 /* Build configuration list for PBXProject "publicapi" */ = {
			isa = XCConfigurationList;
			buildConfigurations = (
				B93A0CD12A9B60EC00180068 /* Debug */,
				B93A0CD22A9B60EC00180068 /* Release */,
			);
			defaultConfigurationIsVisible = 0;
			defaultConfigurationName = Release;
		};
		B93A0CD32A9B60EC00180068 /* Build configuration list for PBXNativeTarget "publicapi" */ = {
			isa = XCConfigurationList;
			buildConfigurations = (
				B93A0CD42A9B60EC00180068 /* Debug */,
				B93A0CD52A9B60EC00180068 /* Release */,
			);
			defaultConfigurationIsVisible = 0;
			defaultConfigurationName = Release;
		};
		B93A0CD62A9B60EC00180068 /* Build configuration list for PBXNativeTarget "publicapiTests" */ = {
			isa = XCConfigurationList;
			buildConfigurations = (
				B93A0CD72A9B60EC00180068 /* Debug */,
				B93A0CD82A9B60EC00180068 /* Release */,
			);
			defaultConfigurationIsVisible = 0;
			defaultConfigurationName = Release;
		};
		B93A0CD92A9B60EC00180068 /* Build configuration list for PBXNativeTarget "publicapiUITests" */ = {
			isa = XCConfigurationList;
			buildConfigurations = (
				B93A0CDA2A9B60EC00180068 /* Debug */,
				B93A0CDB2A9B60EC00180068 /* Release */,
			);
			defaultConfigurationIsVisible = 0;
			defaultConfigurationName = Release;
		};
/* End XCConfigurationList section */
	};
	rootObject = B93A0CA12A9B60EA00180068 /* Project object */;
}
